
Microsoft Visual Studio Solution File, Format Version 12.00
# Visual Studio Version 16
VisualStudioVersion = 16.0.30907.101
MinimumVisualStudioVersion = 10.0.40219.1
Project("{9A19103F-16F7-4668-BE54-9A1E7A4F7556}") = "Geometria", "Geometria\Geometria.csproj", "{1D4E9845-8C70-40D3-A41A-80A8B9E629C0}"
EndProject
Project("{9A19103F-16F7-4668-BE54-9A1E7A4F7556}") = "Geometria.Tests", "Geometria.Tests\Geometria.Tests.csproj", "{13542BC3-6B1B-4350-9612-3E181B6A19AA}"
EndProject
Project("{9A19103F-16F7-4668-BE54-9A1E7A4F7556}") = "Geometria.UI", "Geometria.UI\Geometria.UI.csproj", "{8E48F252-0D8A-4ED3-85AE-69E8FA31B2F1}"
EndProject
Global
	GlobalSection(SolutionConfigurationPlatforms) = preSolution
		Debug|Any CPU = Debug|Any CPU
		Release|Any CPU = Release|Any CPU
	EndGlobalSection
	GlobalSection(ProjectConfigurationPlatforms) = postSolution
		{1D4E9845-8C70-40D3-A41A-80A8B9E629C0}.Debug|Any CPU.ActiveCfg = Debug|Any CPU
		{1D4E9845-8C70-40D3-A41A-80A8B9E629C0}.Debug|Any CPU.Build.0 = Debug|Any CPU
		{1D4E9845-8C70-40D3-A41A-80A8B9E629C0}.Release|Any CPU.ActiveCfg = Release|Any CPU
		{1D4E9845-8C70-40D3-A41A-80A8B9E629C0}.Release|Any CPU.Build.0 = Release|Any CPU
		{13542BC3-6B1B-4350-9612-3E181B6A19AA}.Debug|Any CPU.ActiveCfg = Debug|Any CPU
		{13542BC3-6B1B-4350-9612-3E181B6A19AA}.Debug|Any CPU.Build.0 = Debug|Any CPU
		{13542BC3-6B1B-4350-9612-3E181B6A19AA}.Release|Any CPU.ActiveCfg = Release|Any CPU
		{13542BC3-6B1B-4350-9612-3E181B6A19AA}.Release|Any CPU.Build.0 = Release|Any CPU
		{8E48F252-0D8A-4ED3-85AE-69E8FA31B2F1}.Debug|Any CPU.ActiveCfg = Debug|Any CPU
		{8E48F252-0D8A-4ED3-85AE-69E8FA31B2F1}.Debug|Any CPU.Build.0 = Debug|Any CPU
		{8E48F252-0D8A-4ED3-85AE-69E8FA31B2F1}.Release|Any CPU.ActiveCfg = Release|Any CPU
		{8E48F252-0D8A-4ED3-85AE-69E8FA31B2F1}.Release|Any CPU.Build.0 = Release|Any CPU
	EndGlobalSection
	GlobalSection(SolutionProperties) = preSolution
		HideSolutionNode = FALSE
	EndGlobalSection
	GlobalSection(ExtensibilityGlobals) = postSolution
		SolutionGuid = {E1ABED01-4D09-49B8-A85A-9294F5E99388}
	EndGlobalSection
EndGlobal
